// !$*UTF8*$!
{
	archiveVersion = 1;
	classes = {
	};
	objectVersion = 55;
	objects = {

/* Begin PBXBuildFile section */
		7AD2CD9E27D4EDF2004E3BA4 /* Pet-Repository.swift in Sources */ = {isa = PBXBuildFile; fileRef = 7AD2CD9D27D4EDF2004E3BA4 /* Pet-Repository.swift */; };
		7AF6B84B27D4C5A500535ECB /* iPetApp.swift in Sources */ = {isa = PBXBuildFile; fileRef = 7AF6B84A27D4C5A500535ECB /* iPetApp.swift */; };
		7AF6B84D27D4C5A500535ECB /* ContentView.swift in Sources */ = {isa = PBXBuildFile; fileRef = 7AF6B84C27D4C5A500535ECB /* ContentView.swift */; };
		7AF6B84F27D4C5A500535ECB /* Assets.xcassets in Resources */ = {isa = PBXBuildFile; fileRef = 7AF6B84E27D4C5A500535ECB /* Assets.xcassets */; };
		7AF6B85227D4C5A500535ECB /* Preview Assets.xcassets in Resources */ = {isa = PBXBuildFile; fileRef = 7AF6B85127D4C5A500535ECB /* Preview Assets.xcassets */; };
		7AF6B85927D4C61100535ECB /* Content-ViewModel.swift in Sources */ = {isa = PBXBuildFile; fileRef = 7AF6B85827D4C61100535ECB /* Content-ViewModel.swift */; };
		7AF6B85B27D4C79500535ECB /* Pet-Model.swift in Sources */ = {isa = PBXBuildFile; fileRef = 7AF6B85A27D4C79500535ECB /* Pet-Model.swift */; };
		7AF6B85D27D4D86B00535ECB /* Helpers.swift in Sources */ = {isa = PBXBuildFile; fileRef = 7AF6B85C27D4D86B00535ECB /* Helpers.swift */; };
/* End PBXBuildFile section */

/* Begin PBXFileReference section */
		7AD2CD9D27D4EDF2004E3BA4 /* Pet-Repository.swift */ = {isa = PBXFileReference; lastKnownFileType = sourcecode.swift; path = "Pet-Repository.swift"; sourceTree = "<group>"; };
		7AF6B84727D4C5A500535ECB /* iPet.app */ = {isa = PBXFileReference; explicitFileType = wrapper.application; includeInIndex = 0; path = iPet.app; sourceTree = BUILT_PRODUCTS_DIR; };
		7AF6B84A27D4C5A500535ECB /* iPetApp.swift */ = {isa = PBXFileReference; lastKnownFileType = sourcecode.swift; path = iPetApp.swift; sourceTree = "<group>"; };
		7AF6B84C27D4C5A500535ECB /* ContentView.swift */ = {isa = PBXFileReference; lastKnownFileType = sourcecode.swift; path = ContentView.swift; sourceTree = "<group>"; };
		7AF6B84E27D4C5A500535ECB /* Assets.xcassets */ = {isa = PBXFileReference; lastKnownFileType = folder.assetcatalog; path = Assets.xcassets; sourceTree = "<group>"; };
		7AF6B85127D4C5A500535ECB /* Preview Assets.xcassets */ = {isa = PBXFileReference; lastKnownFileType = folder.assetcatalog; path = "Preview Assets.xcassets"; sourceTree = "<group>"; };
		7AF6B85827D4C61100535ECB /* Content-ViewModel.swift */ = {isa = PBXFileReference; lastKnownFileType = sourcecode.swift; path = "Content-ViewModel.swift"; sourceTree = "<group>"; };
		7AF6B85A27D4C79500535ECB /* Pet-Model.swift */ = {isa = PBXFileReference; lastKnownFileType = sourcecode.swift; path = "Pet-Model.swift"; sourceTree = "<group>"; };
		7AF6B85C27D4D86B00535ECB /* Helpers.swift */ = {isa = PBXFileReference; lastKnownFileType = sourcecode.swift; path = Helpers.swift; sourceTree = "<group>"; };
/* End PBXFileReference section */

/* Begin PBXFrameworksBuildPhase section */
		7AF6B84427D4C5A500535ECB /* Frameworks */ = {
			isa = PBXFrameworksBuildPhase;
			buildActionMask = 2147483647;
			files = (
			);
			runOnlyForDeploymentPostprocessing = 0;
		};
/* End PBXFrameworksBuildPhase section */

/* Begin PBXGroup section */
		7AD2CD9F27D4F0E0004E3BA4 /* ContentView */ = {
			isa = PBXGroup;
			children = (
				7AF6B84C27D4C5A500535ECB /* ContentView.swift */,
				7AD2CDA227D4F107004E3BA4 /* ViewModel */,
				7AD2CDA427D4F605004E3BA4 /* Model */,
				7AD2CDA027D4F0EE004E3BA4 /* Data */,
			);
			path = ContentView;
			sourceTree = "<group>";
		};
		7AD2CDA027D4F0EE004E3BA4 /* Data */ = {
			isa = PBXGroup;
			children = (
				7AD2CD9D27D4EDF2004E3BA4 /* Pet-Repository.swift */,
			);
			path = Data;
			sourceTree = "<group>";
		};
		7AD2CDA227D4F107004E3BA4 /* ViewModel */ = {
			isa = PBXGroup;
			children = (
				7AF6B85827D4C61100535ECB /* Content-ViewModel.swift */,
			);
			path = ViewModel;
			sourceTree = "<group>";
		};
		7AD2CDA327D4F123004E3BA4 /* Utils */ = {
			isa = PBXGroup;
			children = (
				7AF6B85C27D4D86B00535ECB /* Helpers.swift */,
			);
			path = Utils;
			sourceTree = "<group>";
		};
		7AD2CDA427D4F605004E3BA4 /* Model */ = {
			isa = PBXGroup;
			children = (
				7AF6B85A27D4C79500535ECB /* Pet-Model.swift */,
			);
			path = Model;
			sourceTree = "<group>";
		};
		7AF6B83E27D4C5A500535ECB = {
			isa = PBXGroup;
			children = (
				7AF6B84927D4C5A500535ECB /* iPet */,
				7AF6B84827D4C5A500535ECB /* Products */,
			);
			sourceTree = "<group>";
		};
		7AF6B84827D4C5A500535ECB /* Products */ = {
			isa = PBXGroup;
			children = (
				7AF6B84727D4C5A500535ECB /* iPet.app */,
			);
			name = Products;
			sourceTree = "<group>";
		};
		7AF6B84927D4C5A500535ECB /* iPet */ = {
			isa = PBXGroup;
			children = (
				7AF6B84A27D4C5A500535ECB /* iPetApp.swift */,
				7AD2CDA327D4F123004E3BA4 /* Utils */,
				7AD2CD9F27D4F0E0004E3BA4 /* ContentView */,
				7AF6B84E27D4C5A500535ECB /* Assets.xcassets */,
				7AF6B85027D4C5A500535ECB /* Preview Content */,
			);
			path = iPet;
			sourceTree = "<group>";
		};
		7AF6B85027D4C5A500535ECB /* Preview Content */ = {
			isa = PBXGroup;
			children = (
				7AF6B85127D4C5A500535ECB /* Preview Assets.xcassets */,
			);
			path = "Preview Content";
			sourceTree = "<group>";
		};
/* End PBXGroup section */

/* Begin PBXNativeTarget section */
		7AF6B84627D4C5A500535ECB /* iPet */ = {
			isa = PBXNativeTarget;
			buildConfigurationList = 7AF6B85527D4C5A500535ECB /* Build configuration list for PBXNativeTarget "iPet" */;
			buildPhases = (
				7AF6B84327D4C5A500535ECB /* Sources */,
				7AF6B84427D4C5A500535ECB /* Frameworks */,
				7AF6B84527D4C5A500535ECB /* Resources */,
			);
			buildRules = (
			);
			dependencies = (
			);
			name = iPet;
			productName = iPet;
			productReference = 7AF6B84727D4C5A500535ECB /* iPet.app */;
			productType = "com.apple.product-type.application";
		};
/* End PBXNativeTarget section */

/* Begin PBXProject section */
		7AF6B83F27D4C5A500535ECB /* Project object */ = {
			isa = PBXProject;
			attributes = {
				BuildIndependentTargetsInParallel = 1;
				LastSwiftUpdateCheck = 1320;
				LastUpgradeCheck = 1320;
				TargetAttributes = {
					7AF6B84627D4C5A500535ECB = {
						CreatedOnToolsVersion = 13.2.1;
					};
				};
			};
			buildConfigurationList = 7AF6B84227D4C5A500535ECB /* Build configuration list for PBXProject "iPet" */;
			compatibilityVersion = "Xcode 13.0";
			developmentRegion = en;
			hasScannedForEncodings = 0;
			knownRegions = (
				en,
				Base,
			);
			mainGroup = 7AF6B83E27D4C5A500535ECB;
			productRefGroup = 7AF6B84827D4C5A500535ECB /* Products */;
			projectDirPath = "";
			projectRoot = "";
			targets = (
				7AF6B84627D4C5A500535ECB /* iPet */,
			);
		};
/* End PBXProject section */

/* Begin PBXResourcesBuildPhase section */
		7AF6B84527D4C5A500535ECB /* Resources */ = {
			isa = PBXResourcesBuildPhase;
			buildActionMask = 2147483647;
			files = (
				7AF6B85227D4C5A500535ECB /* Preview Assets.xcassets in Resources */,
				7AF6B84F27D4C5A500535ECB /* Assets.xcassets in Resources */,
			);
			runOnlyForDeploymentPostprocessing = 0;
		};
/* End PBXResourcesBuildPhase section */

/* Begin PBXSourcesBuildPhase section */
		7AF6B84327D4C5A500535ECB /* Sources */ = {
			isa = PBXSourcesBuildPhase;
			buildActionMask = 2147483647;
			files = (
				7AF6B84D27D4C5A500535ECB /* ContentView.swift in Sources */,
				7AF6B84B27D4C5A500535ECB /* iPetApp.swift in Sources */,
				7AF6B85927D4C61100535ECB /* Content-ViewModel.swift in Sources */,
				7AD2CD9E27D4EDF2004E3BA4 /* Pet-Repository.swift in Sources */,
				7AF6B85D27D4D86B00535ECB /* Helpers.swift in Sources */,
				7AF6B85B27D4C79500535ECB /* Pet-Model.swift in Sources */,
			);
			runOnlyForDeploymentPostprocessing = 0;
		};
/* End PBXSourcesBuildPhase section */

/* Begin XCBuildConfiguration section */
		7AF6B85327D4C5A500535ECB /* Debug */ = {
			isa = XCBuildConfiguration;
			buildSettings = {
				ALWAYS_SEARCH_USER_PATHS = NO;
				CLANG_ANALYZER_NONNULL = YES;
				CLANG_ANALYZER_NUMBER_OBJECT_CONVERSION = YES_AGGRESSIVE;
				CLANG_CXX_LANGUAGE_STANDARD = "gnu++17";
				CLANG_CXX_LIBRARY = "libc++";
				CLANG_ENABLE_MODULES = YES;
				CLANG_ENABLE_OBJC_ARC = YES;
				CLANG_ENABLE_OBJC_WEAK = YES;
				CLANG_WARN_BLOCK_CAPTURE_AUTORELEASING = YES;
				CLANG_WARN_BOOL_CONVERSION = YES;
				CLANG_WARN_COMMA = YES;
				CLANG_WARN_CONSTANT_CONVERSION = YES;
				CLANG_WARN_DEPRECATED_OBJC_IMPLEMENTATIONS = YES;
				CLANG_WARN_DIRECT_OBJC_ISA_USAGE = YES_ERROR;
				CLANG_WARN_DOCUMENTATION_COMMENTS = YES;
				CLANG_WARN_EMPTY_BODY = YES;
				CLANG_WARN_ENUM_CONVERSION = YES;
				CLANG_WARN_INFINITE_RECURSION = YES;
				CLANG_WARN_INT_CONVERSION = YES;
				CLANG_WARN_NON_LITERAL_NULL_CONVERSION = YES;
				CLANG_WARN_OBJC_IMPLICIT_RETAIN_SELF = YES;
				CLANG_WARN_OBJC_LITERAL_CONVERSION = YES;
				CLANG_WARN_OBJC_ROOT_CLASS = YES_ERROR;
				CLANG_WARN_QUOTED_INCLUDE_IN_FRAMEWORK_HEADER = YES;
				CLANG_WARN_RANGE_LOOP_ANALYSIS = YES;
				CLANG_WARN_STRICT_PROTOTYPES = YES;
				CLANG_WARN_SUSPICIOUS_MOVE = YES;
				CLANG_WARN_UNGUARDED_AVAILABILITY = YES_AGGRESSIVE;
				CLANG_WARN_UNREACHABLE_CODE = YES;
				CLANG_WARN__DUPLICATE_METHOD_MATCH = YES;
				COPY_PHASE_STRIP = NO;
				DEBUG_INFORMATION_FORMAT = dwarf;
				ENABLE_STRICT_OBJC_MSGSEND = YES;
				ENABLE_TESTABILITY = YES;
				GCC_C_LANGUAGE_STANDARD = gnu11;
				GCC_DYNAMIC_NO_PIC = NO;
				GCC_NO_COMMON_BLOCKS = YES;
				GCC_OPTIMIZATION_LEVEL = 0;
				GCC_PREPROCESSOR_DEFINITIONS = (
					"DEBUG=1",
					"$(inherited)",
				);
				GCC_WARN_64_TO_32_BIT_CONVERSION = YES;
				GCC_WARN_ABOUT_RETURN_TYPE = YES_ERROR;
				GCC_WARN_UNDECLARED_SELECTOR = YES;
				GCC_WARN_UNINITIALIZED_AUTOS = YES_AGGRESSIVE;
				GCC_WARN_UNUSED_FUNCTION = YES;
				GCC_WARN_UNUSED_VARIABLE = YES;
				IPHONEOS_DEPLOYMENT_TARGET = 15.2;
				MTL_ENABLE_DEBUG_INFO = INCLUDE_SOURCE;
				MTL_FAST_MATH = YES;
				ONLY_ACTIVE_ARCH = YES;
				SDKROOT = iphoneos;
				SWIFT_ACTIVE_COMPILATION_CONDITIONS = DEBUG;
				SWIFT_OPTIMIZATION_LEVEL = "-Onone";
			};
			name = Debug;
		};
		7AF6B85427D4C5A500535ECB /* Release */ = {
			isa = XCBuildConfiguration;
			buildSettings = {
				ALWAYS_SEARCH_USER_PATHS = NO;
				CLANG_ANALYZER_NONNULL = YES;
				CLANG_ANALYZER_NUMBER_OBJECT_CONVERSION = YES_AGGRESSIVE;
				CLANG_CXX_LANGUAGE_STANDARD = "gnu++17";
				CLANG_CXX_LIBRARY = "libc++";
				CLANG_ENABLE_MODULES = YES;
				CLANG_ENABLE_OBJC_ARC = YES;
				CLANG_ENABLE_OBJC_WEAK = YES;
				CLANG_WARN_BLOCK_CAPTURE_AUTORELEASING = YES;
				CLANG_WARN_BOOL_CONVERSION = YES;
				CLANG_WARN_COMMA = YES;
				CLANG_WARN_CONSTANT_CONVERSION = YES;
				CLANG_WARN_DEPRECATED_OBJC_IMPLEMENTATIONS = YES;
				CLANG_WARN_DIRECT_OBJC_ISA_USAGE = YES_ERROR;
				CLANG_WARN_DOCUMENTATION_COMMENTS = YES;
				CLANG_WARN_EMPTY_BODY = YES;
				CLANG_WARN_ENUM_CONVERSION = YES;
				CLANG_WARN_INFINITE_RECURSION = YES;
				CLANG_WARN_INT_CONVERSION = YES;
				CLANG_WARN_NON_LITERAL_NULL_CONVERSION = YES;
				CLANG_WARN_OBJC_IMPLICIT_RETAIN_SELF = YES;
				CLANG_WARN_OBJC_LITERAL_CONVERSION = YES;
				CLANG_WARN_OBJC_ROOT_CLASS = YES_ERROR;
				CLANG_WARN_QUOTED_INCLUDE_IN_FRAMEWORK_HEADER = YES;
				CLANG_WARN_RANGE_LOOP_ANALYSIS = YES;
				CLANG_WARN_STRICT_PROTOTYPES = YES;
				CLANG_WARN_SUSPICIOUS_MOVE = YES;
				CLANG_WARN_UNGUARDED_AVAILABILITY = YES_AGGRESSIVE;
				CLANG_WARN_UNREACHABLE_CODE = YES;
				CLANG_WARN__DUPLICATE_METHOD_MATCH = YES;
				COPY_PHASE_STRIP = NO;
				DEBUG_INFORMATION_FORMAT = "dwarf-with-dsym";
				ENABLE_NS_ASSERTIONS = NO;
				ENABLE_STRICT_OBJC_MSGSEND = YES;
				GCC_C_LANGUAGE_STANDARD = gnu11;
				GCC_NO_COMMON_BLOCKS = YES;
				GCC_WARN_64_TO_32_BIT_CONVERSION = YES;
				GCC_WARN_ABOUT_RETURN_TYPE = YES_ERROR;
				GCC_WARN_UNDECLARED_SELECTOR = YES;
				GCC_WARN_UNINITIALIZED_AUTOS = YES_AGGRESSIVE;
				GCC_WARN_UNUSED_FUNCTION = YES;
				GCC_WARN_UNUSED_VARIABLE = YES;
				IPHONEOS_DEPLOYMENT_TARGET = 15.2;
				MTL_ENABLE_DEBUG_INFO = NO;
				MTL_FAST_MATH = YES;
				SDKROOT = iphoneos;
				SWIFT_COMPILATION_MODE = wholemodule;
				SWIFT_OPTIMIZATION_LEVEL = "-O";
				VALIDATE_PRODUCT = YES;
			};
			name = Release;
		};
		7AF6B85627D4C5A500535ECB /* Debug */ = {
			isa = XCBuildConfiguration;
			buildSettings = {
				ASSETCATALOG_COMPILER_APPICON_NAME = AppIcon;
				ASSETCATALOG_COMPILER_GLOBAL_ACCENT_COLOR_NAME = AccentColor;
				CODE_SIGN_STYLE = Automatic;
				CURRENT_PROJECT_VERSION = 1;
				DEVELOPMENT_ASSET_PATHS = "\"iPet/Preview Content\"";
				ENABLE_PREVIEWS = YES;
				GENERATE_INFOPLIST_FILE = YES;
				INFOPLIST_KEY_UIApplicationSceneManifest_Generation = YES;
				INFOPLIST_KEY_UIApplicationSupportsIndirectInputEvents = YES;
				INFOPLIST_KEY_UILaunchScreen_Generation = YES;
				INFOPLIST_KEY_UISupportedInterfaceOrientations_iPad = "UIInterfaceOrientationPortrait UIInterfaceOrientationPortraitUpsideDown UIInterfaceOrientationLandscapeLeft UIInterfaceOrientationLandscapeRight";
				INFOPLIST_KEY_UISupportedInterfaceOrientations_iPhone = "UIInterfaceOrientationPortrait UIInterfaceOrientationLandscapeLeft UIInterfaceOrientationLandscapeRight";
				LD_RUNPATH_SEARCH_PATHS = (
					"$(inherited)",
					"@executable_path/Frameworks",
				);
				MARKETING_VERSION = 1.0;
				PRODUCT_BUNDLE_IDENTIFIER = com.codepalace.iPet;
				PRODUCT_NAME = "$(TARGET_NAME)";
				SWIFT_EMIT_LOC_STRINGS = YES;
				SWIFT_VERSION = 5.0;
				TARGETED_DEVICE_FAMILY = "1,2";
			};
			name = Debug;
		};
		7AF6B85727D4C5A500535ECB /* Release */ = {
			isa = XCBuildConfiguration;
			buildSettings = {
				ASSETCATALOG_COMPILER_APPICON_NAME = AppIcon;
				ASSETCATALOG_COMPILER_GLOBAL_ACCENT_COLOR_NAME = AccentColor;
				CODE_SIGN_STYLE = Automatic;
				CURRENT_PROJECT_VERSION = 1;
				DEVELOPMENT_ASSET_PATHS = "\"iPet/Preview Content\"";
				ENABLE_PREVIEWS = YES;
				GENERATE_INFOPLIST_FILE = YES;
				INFOPLIST_KEY_UIApplicationSceneManifest_Generation = YES;
				INFOPLIST_KEY_UIApplicationSupportsIndirectInputEvents = YES;
				INFOPLIST_KEY_UILaunchScreen_Generation = YES;
				INFOPLIST_KEY_UISupportedInterfaceOrientations_iPad = "UIInterfaceOrientationPortrait UIInterfaceOrientationPortraitUpsideDown UIInterfaceOrientationLandscapeLeft UIInterfaceOrientationLandscapeRight";
				INFOPLIST_KEY_UISupportedInterfaceOrientations_iPhone = "UIInterfaceOrientationPortrait UIInterfaceOrientationLandscapeLeft UIInterfaceOrientationLandscapeRight";
				LD_RUNPATH_SEARCH_PATHS = (
					"$(inherited)",
					"@executable_path/Frameworks",
				);
				MARKETING_VERSION = 1.0;
				PRODUCT_BUNDLE_IDENTIFIER = com.codepalace.iPet;
				PRODUCT_NAME = "$(TARGET_NAME)";
				SWIFT_EMIT_LOC_STRINGS = YES;
				SWIFT_VERSION = 5.0;
				TARGETED_DEVICE_FAMILY = "1,2";
			};
			name = Release;
		};
/* End XCBuildConfiguration section */

/* Begin XCConfigurationList section */
		7AF6B84227D4C5A500535ECB /* Build configuration list for PBXProject "iPet" */ = {
			isa = XCConfigurationList;
			buildConfigurations = (
				7AF6B85327D4C5A500535ECB /* Debug */,
				7AF6B85427D4C5A500535ECB /* Release */,
			);
			defaultConfigurationIsVisible = 0;
			defaultConfigurationName = Release;
		};
		7AF6B85527D4C5A500535ECB /* Build configuration list for PBXNativeTarget "iPet" */ = {
			isa = XCConfigurationList;
			buildConfigurations = (
				7AF6B85627D4C5A500535ECB /* Debug */,
				7AF6B85727D4C5A500535ECB /* Release */,
			);
			defaultConfigurationIsVisible = 0;
			defaultConfigurationName = Release;
		};
/* End XCConfigurationList section */
	};
	rootObject = 7AF6B83F27D4C5A500535ECB /* Project object */;
}
